
Microsoft Visual Studio Solution File, Format Version 12.00
# Visual Studio Version 16
VisualStudioVersion = 16.0.31004.235
MinimumVisualStudioVersion = 10.0.40219.1
Project("{FAE04EC0-301F-11D3-BF4B-00C04F79EFBC}") = "BlazorWasmFileUpload.Server", "BlazorWasmFileUpload\Server\BlazorWasmFileUpload.Server.csproj", "{05509EDD-1C34-4845-8743-C210FEDB067B}"
EndProject
Project("{FAE04EC0-301F-11D3-BF4B-00C04F79EFBC}") = "BlazorWasmFileUpload.Client", "BlazorWasmFileUpload\Client\BlazorWasmFileUpload.Client.csproj", "{521B97D7-31E6-42EA-87AC-592CE059BC1D}"
EndProject
Project("{FAE04EC0-301F-11D3-BF4B-00C04F79EFBC}") = "BlazorWasmFileUpload.Shared", "BlazorWasmFileUpload\Shared\BlazorWasmFileUpload.Shared.csproj", "{5E2969D7-7A27-468F-A792-AD32FDB11C0E}"
EndProject
Global
	GlobalSection(SolutionConfigurationPlatforms) = preSolution
		Debug|Any CPU = Debug|Any CPU
		Release|Any CPU = Release|Any CPU
	EndGlobalSection
	GlobalSection(ProjectConfigurationPlatforms) = postSolution
		{05509EDD-1C34-4845-8743-C210FEDB067B}.Debug|Any CPU.ActiveCfg = Debug|Any CPU
		{05509EDD-1C34-4845-8743-C210FEDB067B}.Debug|Any CPU.Build.0 = Debug|Any CPU
		{05509EDD-1C34-4845-8743-C210FEDB067B}.Release|Any CPU.ActiveCfg = Release|Any CPU
		{05509EDD-1C34-4845-8743-C210FEDB067B}.Release|Any CPU.Build.0 = Release|Any CPU
		{521B97D7-31E6-42EA-87AC-592CE059BC1D}.Debug|Any CPU.ActiveCfg = Debug|Any CPU
		{521B97D7-31E6-42EA-87AC-592CE059BC1D}.Debug|Any CPU.Build.0 = Debug|Any CPU
		{521B97D7-31E6-42EA-87AC-592CE059BC1D}.Release|Any CPU.ActiveCfg = Release|Any CPU
		{521B97D7-31E6-42EA-87AC-592CE059BC1D}.Release|Any CPU.Build.0 = Release|Any CPU
		{5E2969D7-7A27-468F-A792-AD32FDB11C0E}.Debug|Any CPU.ActiveCfg = Debug|Any CPU
		{5E2969D7-7A27-468F-A792-AD32FDB11C0E}.Debug|Any CPU.Build.0 = Debug|Any CPU
		{5E2969D7-7A27-468F-A792-AD32FDB11C0E}.Release|Any CPU.ActiveCfg = Release|Any CPU
		{5E2969D7-7A27-468F-A792-AD32FDB11C0E}.Release|Any CPU.Build.0 = Release|Any CPU
	EndGlobalSection
	GlobalSection(SolutionProperties) = preSolution
		HideSolutionNode = FALSE
	EndGlobalSection
	GlobalSection(ExtensibilityGlobals) = postSolution
		SolutionGuid = {3B677337-7AA3-4201-ACD5-894822061D8B}
	EndGlobalSection
EndGlobal
